
Microsoft Visual Studio Solution File, Format Version 12.00
# Visual Studio Version 17
VisualStudioVersion = 17.0.31912.275
MinimumVisualStudioVersion = 10.0.40219.1
Project("{9A19103F-16F7-4668-BE54-9A1E7A4F7556}") = "KampusFSD1WFA", "KampusFSD1WFA.csproj", "{AB88BE5F-6B65-49B4-BCE7-CE3FA8C75512}"
EndProject
Project("{9A19103F-16F7-4668-BE54-9A1E7A4F7556}") = "CarpimTablosu", "..\CarpimTablosu\CarpimTablosu.csproj", "{1A603BB2-B999-42FE-AFFE-52C98E4B22F2}"
EndProject
Project("{9A19103F-16F7-4668-BE54-9A1E7A4F7556}") = "ArkaPlanRengi", "..\ArkaPlanRengi\ArkaPlanRengi.csproj", "{27C49159-AD36-48CC-AF83-EC796F9B89BF}"
EndProject
Project("{9A19103F-16F7-4668-BE54-9A1E7A4F7556}") = "AnketUygulaması", "..\AnketUygulaması\AnketUygulaması.csproj", "{59EC4202-631C-4D94-B3AD-9F573B5F0932}"
EndProject
Project("{2150E333-8FDC-42A3-9474-1A3956D46DE8}") = "Gun1", "Gun1", "{E8726C22-0558-4D85-8732-CEFBCDBF6F17}"
EndProject
Project("{2150E333-8FDC-42A3-9474-1A3956D46DE8}") = "Gun2", "Gun2", "{673CB0CB-C796-4A95-8DB4-0EB81556BCC8}"
EndProject
Project("{9A19103F-16F7-4668-BE54-9A1E7A4F7556}") = "OdevCozum", "..\OdevCozum\OdevCozum.csproj", "{CDC5F6A0-E96F-440A-ABA1-86EFC4565395}"
EndProject
Project("{9A19103F-16F7-4668-BE54-9A1E7A4F7556}") = "PersonelKayit", "..\PersonelKayit\PersonelKayit.csproj", "{AEE4F8DF-D12A-467D-91DE-448B23613C1F}"
EndProject
Project("{9A19103F-16F7-4668-BE54-9A1E7A4F7556}") = "Sayac", "..\Sayac\Sayac.csproj", "{CA8807F3-1CBA-4BDA-93E9-E92D539B525D}"
EndProject
Project("{9A19103F-16F7-4668-BE54-9A1E7A4F7556}") = "HesapMakinesi", "..\HesapMakinesi\HesapMakinesi.csproj", "{F519500F-4204-48A3-AB35-D7428869E34F}"
EndProject
Project("{2150E333-8FDC-42A3-9474-1A3956D46DE8}") = "Gun3", "Gun3", "{CFF82CD3-C7D7-4DC9-B7F2-9BD623021395}"
EndProject
Project("{9A19103F-16F7-4668-BE54-9A1E7A4F7556}") = "Odev", "..\Odev\Odev.csproj", "{FD2671AA-10AF-4E0C-B83E-FC9D1F876C5C}"
EndProject
Project("{9A19103F-16F7-4668-BE54-9A1E7A4F7556}") = "IKUygulaması", "..\IKUygulaması\IKUygulaması.csproj", "{93924BBC-D272-4188-9B54-68CB799FDC78}"
EndProject
Project("{2150E333-8FDC-42A3-9474-1A3956D46DE8}") = "Gun4", "Gun4", "{3FFF89F3-2093-4AC2-9B4A-A90F08CFFB68}"
EndProject
Project("{FAE04EC0-301F-11D3-BF4B-00C04F79EFBC}") = "CRM", "..\CRM\CRM.csproj", "{A5E38C49-EE0C-487C-99B7-C29AAE090D1B}"
EndProject
Project("{FAE04EC0-301F-11D3-BF4B-00C04F79EFBC}") = "MayinTarlasi", "..\MayinTarlasi\MayinTarlasi.csproj", "{ACAC6BC2-87C1-4A12-BDF7-F4AAB73A5CA6}"
EndProject
Project("{FAE04EC0-301F-11D3-BF4B-00C04F79EFBC}") = "FormBuyutme", "..\FormBuyutme\FormBuyutme.csproj", "{E8396D17-AEC3-458C-8AA2-586A65109874}"
EndProject
Global
	GlobalSection(SolutionConfigurationPlatforms) = preSolution
		Debug|Any CPU = Debug|Any CPU
		Release|Any CPU = Release|Any CPU
	EndGlobalSection
	GlobalSection(ProjectConfigurationPlatforms) = postSolution
		{AB88BE5F-6B65-49B4-BCE7-CE3FA8C75512}.Debug|Any CPU.ActiveCfg = Debug|Any CPU
		{AB88BE5F-6B65-49B4-BCE7-CE3FA8C75512}.Debug|Any CPU.Build.0 = Debug|Any CPU
		{AB88BE5F-6B65-49B4-BCE7-CE3FA8C75512}.Release|Any CPU.ActiveCfg = Release|Any CPU
		{AB88BE5F-6B65-49B4-BCE7-CE3FA8C75512}.Release|Any CPU.Build.0 = Release|Any CPU
		{1A603BB2-B999-42FE-AFFE-52C98E4B22F2}.Debug|Any CPU.ActiveCfg = Debug|Any CPU
		{1A603BB2-B999-42FE-AFFE-52C98E4B22F2}.Debug|Any CPU.Build.0 = Debug|Any CPU
		{1A603BB2-B999-42FE-AFFE-52C98E4B22F2}.Release|Any CPU.ActiveCfg = Release|Any CPU
		{1A603BB2-B999-42FE-AFFE-52C98E4B22F2}.Release|Any CPU.Build.0 = Release|Any CPU
		{27C49159-AD36-48CC-AF83-EC796F9B89BF}.Debug|Any CPU.ActiveCfg = Debug|Any CPU
		{27C49159-AD36-48CC-AF83-EC796F9B89BF}.Debug|Any CPU.Build.0 = Debug|Any CPU
		{27C49159-AD36-48CC-AF83-EC796F9B89BF}.Release|Any CPU.ActiveCfg = Release|Any CPU
		{27C49159-AD36-48CC-AF83-EC796F9B89BF}.Release|Any CPU.Build.0 = Release|Any CPU
		{59EC4202-631C-4D94-B3AD-9F573B5F0932}.Debug|Any CPU.ActiveCfg = Debug|Any CPU
		{59EC4202-631C-4D94-B3AD-9F573B5F0932}.Debug|Any CPU.Build.0 = Debug|Any CPU
		{59EC4202-631C-4D94-B3AD-9F573B5F0932}.Release|Any CPU.ActiveCfg = Release|Any CPU
		{59EC4202-631C-4D94-B3AD-9F573B5F0932}.Release|Any CPU.Build.0 = Release|Any CPU
		{CDC5F6A0-E96F-440A-ABA1-86EFC4565395}.Debug|Any CPU.ActiveCfg = Debug|Any CPU
		{CDC5F6A0-E96F-440A-ABA1-86EFC4565395}.Debug|Any CPU.Build.0 = Debug|Any CPU
		{CDC5F6A0-E96F-440A-ABA1-86EFC4565395}.Release|Any CPU.ActiveCfg = Release|Any CPU
		{CDC5F6A0-E96F-440A-ABA1-86EFC4565395}.Release|Any CPU.Build.0 = Release|Any CPU
		{AEE4F8DF-D12A-467D-91DE-448B23613C1F}.Debug|Any CPU.ActiveCfg = Debug|Any CPU
		{AEE4F8DF-D12A-467D-91DE-448B23613C1F}.Debug|Any CPU.Build.0 = Debug|Any CPU
		{AEE4F8DF-D12A-467D-91DE-448B23613C1F}.Release|Any CPU.ActiveCfg = Release|Any CPU
		{AEE4F8DF-D12A-467D-91DE-448B23613C1F}.Release|Any CPU.Build.0 = Release|Any CPU
		{CA8807F3-1CBA-4BDA-93E9-E92D539B525D}.Debug|Any CPU.ActiveCfg = Debug|Any CPU
		{CA8807F3-1CBA-4BDA-93E9-E92D539B525D}.Debug|Any CPU.Build.0 = Debug|Any CPU
		{CA8807F3-1CBA-4BDA-93E9-E92D539B525D}.Release|Any CPU.ActiveCfg = Release|Any CPU
		{CA8807F3-1CBA-4BDA-93E9-E92D539B525D}.Release|Any CPU.Build.0 = Release|Any CPU
		{F519500F-4204-48A3-AB35-D7428869E34F}.Debug|Any CPU.ActiveCfg = Debug|Any CPU
		{F519500F-4204-48A3-AB35-D7428869E34F}.Debug|Any CPU.Build.0 = Debug|Any CPU
		{F519500F-4204-48A3-AB35-D7428869E34F}.Release|Any CPU.ActiveCfg = Release|Any CPU
		{F519500F-4204-48A3-AB35-D7428869E34F}.Release|Any CPU.Build.0 = Release|Any CPU
		{FD2671AA-10AF-4E0C-B83E-FC9D1F876C5C}.Debug|Any CPU.ActiveCfg = Debug|Any CPU
		{FD2671AA-10AF-4E0C-B83E-FC9D1F876C5C}.Debug|Any CPU.Build.0 = Debug|Any CPU
		{FD2671AA-10AF-4E0C-B83E-FC9D1F876C5C}.Release|Any CPU.ActiveCfg = Release|Any CPU
		{FD2671AA-10AF-4E0C-B83E-FC9D1F876C5C}.Release|Any CPU.Build.0 = Release|Any CPU
		{93924BBC-D272-4188-9B54-68CB799FDC78}.Debug|Any CPU.ActiveCfg = Debug|Any CPU
		{93924BBC-D272-4188-9B54-68CB799FDC78}.Debug|Any CPU.Build.0 = Debug|Any CPU
		{93924BBC-D272-4188-9B54-68CB799FDC78}.Release|Any CPU.ActiveCfg = Release|Any CPU
		{93924BBC-D272-4188-9B54-68CB799FDC78}.Release|Any CPU.Build.0 = Release|Any CPU
		{A5E38C49-EE0C-487C-99B7-C29AAE090D1B}.Debug|Any CPU.ActiveCfg = Debug|Any CPU
		{A5E38C49-EE0C-487C-99B7-C29AAE090D1B}.Debug|Any CPU.Build.0 = Debug|Any CPU
		{A5E38C49-EE0C-487C-99B7-C29AAE090D1B}.Release|Any CPU.ActiveCfg = Release|Any CPU
		{A5E38C49-EE0C-487C-99B7-C29AAE090D1B}.Release|Any CPU.Build.0 = Release|Any CPU
		{ACAC6BC2-87C1-4A12-BDF7-F4AAB73A5CA6}.Debug|Any CPU.ActiveCfg = Debug|Any CPU
		{ACAC6BC2-87C1-4A12-BDF7-F4AAB73A5CA6}.Debug|Any CPU.Build.0 = Debug|Any CPU
		{ACAC6BC2-87C1-4A12-BDF7-F4AAB73A5CA6}.Release|Any CPU.ActiveCfg = Release|Any CPU
		{ACAC6BC2-87C1-4A12-BDF7-F4AAB73A5CA6}.Release|Any CPU.Build.0 = Release|Any CPU
		{E8396D17-AEC3-458C-8AA2-586A65109874}.Debug|Any CPU.ActiveCfg = Debug|Any CPU
		{E8396D17-AEC3-458C-8AA2-586A65109874}.Debug|Any CPU.Build.0 = Debug|Any CPU
		{E8396D17-AEC3-458C-8AA2-586A65109874}.Release|Any CPU.ActiveCfg = Release|Any CPU
		{E8396D17-AEC3-458C-8AA2-586A65109874}.Release|Any CPU.Build.0 = Release|Any CPU
	EndGlobalSection
	GlobalSection(SolutionProperties) = preSolution
		HideSolutionNode = FALSE
	EndGlobalSection
	GlobalSection(NestedProjects) = preSolution
		{AB88BE5F-6B65-49B4-BCE7-CE3FA8C75512} = {E8726C22-0558-4D85-8732-CEFBCDBF6F17}
		{1A603BB2-B999-42FE-AFFE-52C98E4B22F2} = {E8726C22-0558-4D85-8732-CEFBCDBF6F17}
		{27C49159-AD36-48CC-AF83-EC796F9B89BF} = {E8726C22-0558-4D85-8732-CEFBCDBF6F17}
		{59EC4202-631C-4D94-B3AD-9F573B5F0932} = {E8726C22-0558-4D85-8732-CEFBCDBF6F17}
		{CDC5F6A0-E96F-440A-ABA1-86EFC4565395} = {673CB0CB-C796-4A95-8DB4-0EB81556BCC8}
		{AEE4F8DF-D12A-467D-91DE-448B23613C1F} = {673CB0CB-C796-4A95-8DB4-0EB81556BCC8}
		{CA8807F3-1CBA-4BDA-93E9-E92D539B525D} = {673CB0CB-C796-4A95-8DB4-0EB81556BCC8}
		{F519500F-4204-48A3-AB35-D7428869E34F} = {673CB0CB-C796-4A95-8DB4-0EB81556BCC8}
		{FD2671AA-10AF-4E0C-B83E-FC9D1F876C5C} = {CFF82CD3-C7D7-4DC9-B7F2-9BD623021395}
		{93924BBC-D272-4188-9B54-68CB799FDC78} = {CFF82CD3-C7D7-4DC9-B7F2-9BD623021395}
		{A5E38C49-EE0C-487C-99B7-C29AAE090D1B} = {3FFF89F3-2093-4AC2-9B4A-A90F08CFFB68}
		{ACAC6BC2-87C1-4A12-BDF7-F4AAB73A5CA6} = {3FFF89F3-2093-4AC2-9B4A-A90F08CFFB68}
		{E8396D17-AEC3-458C-8AA2-586A65109874} = {3FFF89F3-2093-4AC2-9B4A-A90F08CFFB68}
	EndGlobalSection
	GlobalSection(ExtensibilityGlobals) = postSolution
		SolutionGuid = {060E3A4F-E986-485C-8F23-110DCE0608A8}
	EndGlobalSection
EndGlobal
